
Microsoft Visual Studio Solution File, Format Version 12.00
# Visual Studio 2013
VisualStudioVersion = 12.0.30723.0
MinimumVisualStudioVersion = 10.0.40219.1
Project("{FAE04EC0-301F-11D3-BF4B-00C04F79EFBC}") = "FriendOfPesho", "FriendOfPesho\FriendOfPesho.csproj", "{B6A92510-124B-4B77-8EB7-9EB3F6F3568A}"
EndProject
Project("{FAE04EC0-301F-11D3-BF4B-00C04F79EFBC}") = "Salaries", "Salaries\Salaries.csproj", "{E8E22ADF-A6BA-4F37-9153-89E34A1F98B6}"
EndProject
Project("{FAE04EC0-301F-11D3-BF4B-00C04F79EFBC}") = "TVCompany", "TVCompany\TVCompany.csproj", "{DDD4031A-CC0E-46FF-B214-982DFF882227}"
EndProject
Global
	GlobalSection(SolutionConfigurationPlatforms) = preSolution
		Debug|Any CPU = Debug|Any CPU
		Release|Any CPU = Release|Any CPU
	EndGlobalSection
	GlobalSection(ProjectConfigurationPlatforms) = postSolution
		{B6A92510-124B-4B77-8EB7-9EB3F6F3568A}.Debug|Any CPU.ActiveCfg = Debug|Any CPU
		{B6A92510-124B-4B77-8EB7-9EB3F6F3568A}.Debug|Any CPU.Build.0 = Debug|Any CPU
		{B6A92510-124B-4B77-8EB7-9EB3F6F3568A}.Release|Any CPU.ActiveCfg = Release|Any CPU
		{B6A92510-124B-4B77-8EB7-9EB3F6F3568A}.Release|Any CPU.Build.0 = Release|Any CPU
		{E8E22ADF-A6BA-4F37-9153-89E34A1F98B6}.Debug|Any CPU.ActiveCfg = Debug|Any CPU
		{E8E22ADF-A6BA-4F37-9153-89E34A1F98B6}.Debug|Any CPU.Build.0 = Debug|Any CPU
		{E8E22ADF-A6BA-4F37-9153-89E34A1F98B6}.Release|Any CPU.ActiveCfg = Release|Any CPU
		{E8E22ADF-A6BA-4F37-9153-89E34A1F98B6}.Release|Any CPU.Build.0 = Release|Any CPU
		{DDD4031A-CC0E-46FF-B214-982DFF882227}.Debug|Any CPU.ActiveCfg = Debug|Any CPU
		{DDD4031A-CC0E-46FF-B214-982DFF882227}.Debug|Any CPU.Build.0 = Debug|Any CPU
		{DDD4031A-CC0E-46FF-B214-982DFF882227}.Release|Any CPU.ActiveCfg = Release|Any CPU
		{DDD4031A-CC0E-46FF-B214-982DFF882227}.Release|Any CPU.Build.0 = Release|Any CPU
	EndGlobalSection
	GlobalSection(SolutionProperties) = preSolution
		HideSolutionNode = FALSE
	EndGlobalSection
EndGlobal
