
Microsoft Visual Studio Solution File, Format Version 12.00
# Visual Studio 2013
VisualStudioVersion = 12.0.30501.0
MinimumVisualStudioVersion = 10.0.40219.1
Project("{FAE04EC0-301F-11D3-BF4B-00C04F79EFBC}") = "FunctionsAndFunctionExpressions", "FunctionsAndFunctionExpressions\FunctionsAndFunctionExpressions.csproj", "{936E17C1-3514-4F04-AA2F-AC0A9E39D445}"
EndProject
Global
	GlobalSection(SolutionConfigurationPlatforms) = preSolution
		Debug|Any CPU = Debug|Any CPU
		Release|Any CPU = Release|Any CPU
	EndGlobalSection
	GlobalSection(ProjectConfigurationPlatforms) = postSolution
		{936E17C1-3514-4F04-AA2F-AC0A9E39D445}.Debug|Any CPU.ActiveCfg = Debug|Any CPU
		{936E17C1-3514-4F04-AA2F-AC0A9E39D445}.Debug|Any CPU.Build.0 = Debug|Any CPU
		{936E17C1-3514-4F04-AA2F-AC0A9E39D445}.Release|Any CPU.ActiveCfg = Release|Any CPU
		{936E17C1-3514-4F04-AA2F-AC0A9E39D445}.Release|Any CPU.Build.0 = Release|Any CPU
	EndGlobalSection
	GlobalSection(SolutionProperties) = preSolution
		HideSolutionNode = FALSE
	EndGlobalSection
EndGlobal
