
Microsoft Visual Studio Solution File, Format Version 12.00
# Visual Studio 2013
VisualStudioVersion = 12.0.30723.0
MinimumVisualStudioVersion = 10.0.40219.1
Project("{FAE04EC0-301F-11D3-BF4B-00C04F79EFBC}") = "NewsSystem", "NewsSystem\NewsSystem.csproj", "{0FF7B4AD-0D99-412C-A9CB-B48DF43A6250}"
EndProject
Global
	GlobalSection(SolutionConfigurationPlatforms) = preSolution
		Debug|Any CPU = Debug|Any CPU
		Release|Any CPU = Release|Any CPU
	EndGlobalSection
	GlobalSection(ProjectConfigurationPlatforms) = postSolution
		{0FF7B4AD-0D99-412C-A9CB-B48DF43A6250}.Debug|Any CPU.ActiveCfg = Debug|Any CPU
		{0FF7B4AD-0D99-412C-A9CB-B48DF43A6250}.Debug|Any CPU.Build.0 = Debug|Any CPU
		{0FF7B4AD-0D99-412C-A9CB-B48DF43A6250}.Release|Any CPU.ActiveCfg = Release|Any CPU
		{0FF7B4AD-0D99-412C-A9CB-B48DF43A6250}.Release|Any CPU.Build.0 = Release|Any CPU
	EndGlobalSection
	GlobalSection(SolutionProperties) = preSolution
		HideSolutionNode = FALSE
	EndGlobalSection
EndGlobal
