
Microsoft Visual Studio Solution File, Format Version 12.00
# Visual Studio 2013
VisualStudioVersion = 12.0.30723.0
MinimumVisualStudioVersion = 10.0.40219.1
Project("{FAE04EC0-301F-11D3-BF4B-00C04F79EFBC}") = "01.KnapsackProblem", "01.KnapsackProblem\01.KnapsackProblem.csproj", "{49D31367-EB74-412C-AA52-519822B42D81}"
EndProject
Project("{FAE04EC0-301F-11D3-BF4B-00C04F79EFBC}") = "02.MinimumEditDistance", "02.MinimumEditDistance\02.MinimumEditDistance.csproj", "{A1964173-FD68-4203-9D48-B0EF68E06354}"
EndProject
Global
	GlobalSection(SolutionConfigurationPlatforms) = preSolution
		Debug|Any CPU = Debug|Any CPU
		Release|Any CPU = Release|Any CPU
	EndGlobalSection
	GlobalSection(ProjectConfigurationPlatforms) = postSolution
		{49D31367-EB74-412C-AA52-519822B42D81}.Debug|Any CPU.ActiveCfg = Debug|Any CPU
		{49D31367-EB74-412C-AA52-519822B42D81}.Debug|Any CPU.Build.0 = Debug|Any CPU
		{49D31367-EB74-412C-AA52-519822B42D81}.Release|Any CPU.ActiveCfg = Release|Any CPU
		{49D31367-EB74-412C-AA52-519822B42D81}.Release|Any CPU.Build.0 = Release|Any CPU
		{A1964173-FD68-4203-9D48-B0EF68E06354}.Debug|Any CPU.ActiveCfg = Debug|Any CPU
		{A1964173-FD68-4203-9D48-B0EF68E06354}.Debug|Any CPU.Build.0 = Debug|Any CPU
		{A1964173-FD68-4203-9D48-B0EF68E06354}.Release|Any CPU.ActiveCfg = Release|Any CPU
		{A1964173-FD68-4203-9D48-B0EF68E06354}.Release|Any CPU.Build.0 = Release|Any CPU
	EndGlobalSection
	GlobalSection(SolutionProperties) = preSolution
		HideSolutionNode = FALSE
	EndGlobalSection
EndGlobal
